{
  "nodes": {
    "gtk-dracula": {
      "flake": false,
      "locked": {
        "lastModified": 1725129614,
        "narHash": "sha256-dMM07wqESVHXbhw7wjR3QRQcf+PZxU90FcVLhGQOf2k=",
        "type": "tarball",
        "url": "https://github.com/dracula/gtk/archive/master.zip"
      },
      "original": {
        "type": "tarball",
        "url": "https://github.com/dracula/gtk/archive/master.zip"
      }
    },
    "home-manager": {
      "inputs": {
        "nixpkgs": [
          "nixpkgs"
        ]
      },
      "locked": {
        "lastModified": 1719827415,
        "narHash": "sha256-pvh+1hStXXAZf0sZ1xIJbWGx4u+OGBC1rVx6Wsw0fBw=",
        "owner": "nix-community",
        "repo": "home-manager",
        "rev": "f2e3c19867262dbe84fdfab42467fc8dd83a2005",
        "type": "github"
      },
      "original": {
        "owner": "nix-community",
        "ref": "release-23.11",
        "repo": "home-manager",
        "type": "github"
      }
    },
    "nixpkgs": {
      "locked": {
        "lastModified": 1720535198,
        "narHash": "sha256-zwVvxrdIzralnSbcpghA92tWu2DV2lwv89xZc8MTrbg=",
        "owner": "NixOS",
        "repo": "nixpkgs",
        "rev": "205fd4226592cc83fd4c0885a3e4c9c400efabb5",
        "type": "github"
      },
      "original": {
        "id": "nixpkgs",
        "ref": "nixos-23.11",
        "type": "indirect"
      }
    },
    "qt5-dracula": {
      "flake": false,
      "locked": {
        "narHash": "sha256-O6CjdtpgdgW4nZDfuWr91rcZo2mcpAqe7ZYeqzh6VEg=",
        "type": "file",
        "url": "https://raw.githubusercontent.com/dracula/qt5/master/Dracula.conf"
      },
      "original": {
        "type": "file",
        "url": "https://raw.githubusercontent.com/dracula/qt5/master/Dracula.conf"
      }
    },
    "rofi-dracula-preprocessed": {
      "flake": false,
      "locked": {
        "narHash": "sha256-Fs41VszD8Nhn4cGRIsjALsVfj6rraC5SuaSkpo2uXn0=",
        "type": "file",
        "url": "https://raw.githubusercontent.com/dracula/rofi/main/theme/config1.rasi"
      },
      "original": {
        "type": "file",
        "url": "https://raw.githubusercontent.com/dracula/rofi/main/theme/config1.rasi"
      }
    },
    "root": {
      "inputs": {
        "gtk-dracula": "gtk-dracula",
        "home-manager": "home-manager",
        "nixpkgs": "nixpkgs",
        "qt5-dracula": "qt5-dracula",
        "rofi-dracula-preprocessed": "rofi-dracula-preprocessed",
        "tmux-tpm": "tmux-tpm",
        "vim-plug": "vim-plug",
        "xresources-dracula": "xresources-dracula",
        "zsh-autosuggestions": "zsh-autosuggestions",
        "zsh-syntax-highlighting": "zsh-syntax-highlighting"
      }
    },
    "tmux-tpm": {
      "flake": false,
      "locked": {
        "lastModified": 1677502767,
        "narHash": "sha256-hW8mfwB8F9ZkTQ72WQp/1fy8KL1IIYMZBtZYIwZdMQc=",
        "owner": "tmux-plugins",
        "repo": "tpm",
        "rev": "99469c4a9b1ccf77fade25842dc7bafbc8ce9946",
        "type": "github"
      },
      "original": {
        "owner": "tmux-plugins",
        "repo": "tpm",
        "type": "github"
      }
    },
    "vim-plug": {
      "flake": false,
      "locked": {
        "narHash": "sha256-E38kcBIv/CdPkgyIJK0/VXFMyf3FtDyF1MoMImEzX1A=",
        "type": "file",
        "url": "https://raw.githubusercontent.com/junegunn/vim-plug/master/plug.vim"
      },
      "original": {
        "type": "file",
        "url": "https://raw.githubusercontent.com/junegunn/vim-plug/master/plug.vim"
      }
    },
    "xresources-dracula": {
      "flake": false,
      "locked": {
        "narHash": "sha256-VgXA3fZo1XFqJ1qHZ8Z2e5ZauvL9eGHGJ+ohBLKhu/E=",
        "type": "file",
        "url": "https://raw.githubusercontent.com/dracula/xresources/master/Xresources"
      },
      "original": {
        "type": "file",
        "url": "https://raw.githubusercontent.com/dracula/xresources/master/Xresources"
      }
    },
    "zsh-autosuggestions": {
      "flake": false,
      "locked": {
        "lastModified": 1694098728,
        "narHash": "sha256-B+Kz3B7d97CM/3ztpQyVkE6EfMipVF8Y4HJNfSRXHtU=",
        "owner": "zsh-users",
        "repo": "zsh-autosuggestions",
        "rev": "c3d4e576c9c86eac62884bd47c01f6faed043fc5",
        "type": "github"
      },
      "original": {
        "owner": "zsh-users",
        "repo": "zsh-autosuggestions",
        "type": "github"
      }
    },
    "zsh-syntax-highlighting": {
      "flake": false,
      "locked": {
        "lastModified": 1704566212,
        "narHash": "sha256-4rW2N+ankAH4sA6Sa5mr9IKsdAg7WTgrmyqJ2V1vygQ=",
        "owner": "zsh-users",
        "repo": "zsh-syntax-highlighting",
        "rev": "e0165eaa730dd0fa321a6a6de74f092fe87630b0",
        "type": "github"
      },
      "original": {
        "owner": "zsh-users",
        "repo": "zsh-syntax-highlighting",
        "type": "github"
      }
    }
  },
  "root": "root",
  "version": 7
}
